
Microsoft Visual Studio Solution File, Format Version 12.00
# Visual Studio Version 17
VisualStudioVersion = 17.0.31903.59
MinimumVisualStudioVersion = 10.0.40219.1
Project("{FAE04EC0-301F-11D3-BF4B-00C04F79EFBC}") = "NewsApp.API", "NewsApp.API\NewsApp.API.csproj", "{8B63396D-AFE4-42DB-B60C-C2535B796FE2}"
EndProject
Project("{FAE04EC0-301F-11D3-BF4B-00C04F79EFBC}") = "NewsApp.Services", "NewsApp.Services\NewsApp.Services.csproj", "{80B06FA2-039A-45DD-B885-F0198E474484}"
EndProject
Project("{FAE04EC0-301F-11D3-BF4B-00C04F79EFBC}") = "NewsApp.Models", "NewsApp.Models\NewsApp.Models.csproj", "{499AB9BD-FFE7-414C-BB54-C985976B3D07}"
EndProject
Project("{FAE04EC0-301F-11D3-BF4B-00C04F79EFBC}") = "Tests.NewsApp", "Tests.NewsApp\Tests.NewsApp.csproj", "{F8FFD86A-40D2-45C4-8AA6-19318B8FA2D0}"
EndProject
Global
	GlobalSection(SolutionConfigurationPlatforms) = preSolution
		Debug|Any CPU = Debug|Any CPU
		Debug|x64 = Debug|x64
		Debug|x86 = Debug|x86
		Release|Any CPU = Release|Any CPU
		Release|x64 = Release|x64
		Release|x86 = Release|x86
	EndGlobalSection
	GlobalSection(ProjectConfigurationPlatforms) = postSolution
		{8B63396D-AFE4-42DB-B60C-C2535B796FE2}.Debug|Any CPU.ActiveCfg = Debug|Any CPU
		{8B63396D-AFE4-42DB-B60C-C2535B796FE2}.Debug|Any CPU.Build.0 = Debug|Any CPU
		{8B63396D-AFE4-42DB-B60C-C2535B796FE2}.Debug|x64.ActiveCfg = Debug|Any CPU
		{8B63396D-AFE4-42DB-B60C-C2535B796FE2}.Debug|x64.Build.0 = Debug|Any CPU
		{8B63396D-AFE4-42DB-B60C-C2535B796FE2}.Debug|x86.ActiveCfg = Debug|Any CPU
		{8B63396D-AFE4-42DB-B60C-C2535B796FE2}.Debug|x86.Build.0 = Debug|Any CPU
		{8B63396D-AFE4-42DB-B60C-C2535B796FE2}.Release|Any CPU.ActiveCfg = Release|Any CPU
		{8B63396D-AFE4-42DB-B60C-C2535B796FE2}.Release|Any CPU.Build.0 = Release|Any CPU
		{8B63396D-AFE4-42DB-B60C-C2535B796FE2}.Release|x64.ActiveCfg = Release|Any CPU
		{8B63396D-AFE4-42DB-B60C-C2535B796FE2}.Release|x64.Build.0 = Release|Any CPU
		{8B63396D-AFE4-42DB-B60C-C2535B796FE2}.Release|x86.ActiveCfg = Release|Any CPU
		{8B63396D-AFE4-42DB-B60C-C2535B796FE2}.Release|x86.Build.0 = Release|Any CPU
		{80B06FA2-039A-45DD-B885-F0198E474484}.Debug|Any CPU.ActiveCfg = Debug|Any CPU
		{80B06FA2-039A-45DD-B885-F0198E474484}.Debug|Any CPU.Build.0 = Debug|Any CPU
		{80B06FA2-039A-45DD-B885-F0198E474484}.Debug|x64.ActiveCfg = Debug|Any CPU
		{80B06FA2-039A-45DD-B885-F0198E474484}.Debug|x64.Build.0 = Debug|Any CPU
		{80B06FA2-039A-45DD-B885-F0198E474484}.Debug|x86.ActiveCfg = Debug|Any CPU
		{80B06FA2-039A-45DD-B885-F0198E474484}.Debug|x86.Build.0 = Debug|Any CPU
		{80B06FA2-039A-45DD-B885-F0198E474484}.Release|Any CPU.ActiveCfg = Release|Any CPU
		{80B06FA2-039A-45DD-B885-F0198E474484}.Release|Any CPU.Build.0 = Release|Any CPU
		{80B06FA2-039A-45DD-B885-F0198E474484}.Release|x64.ActiveCfg = Release|Any CPU
		{80B06FA2-039A-45DD-B885-F0198E474484}.Release|x64.Build.0 = Release|Any CPU
		{80B06FA2-039A-45DD-B885-F0198E474484}.Release|x86.ActiveCfg = Release|Any CPU
		{80B06FA2-039A-45DD-B885-F0198E474484}.Release|x86.Build.0 = Release|Any CPU
		{499AB9BD-FFE7-414C-BB54-C985976B3D07}.Debug|Any CPU.ActiveCfg = Debug|Any CPU
		{499AB9BD-FFE7-414C-BB54-C985976B3D07}.Debug|Any CPU.Build.0 = Debug|Any CPU
		{499AB9BD-FFE7-414C-BB54-C985976B3D07}.Debug|x64.ActiveCfg = Debug|Any CPU
		{499AB9BD-FFE7-414C-BB54-C985976B3D07}.Debug|x64.Build.0 = Debug|Any CPU
		{499AB9BD-FFE7-414C-BB54-C985976B3D07}.Debug|x86.ActiveCfg = Debug|Any CPU
		{499AB9BD-FFE7-414C-BB54-C985976B3D07}.Debug|x86.Build.0 = Debug|Any CPU
		{499AB9BD-FFE7-414C-BB54-C985976B3D07}.Release|Any CPU.ActiveCfg = Release|Any CPU
		{499AB9BD-FFE7-414C-BB54-C985976B3D07}.Release|Any CPU.Build.0 = Release|Any CPU
		{499AB9BD-FFE7-414C-BB54-C985976B3D07}.Release|x64.ActiveCfg = Release|Any CPU
		{499AB9BD-FFE7-414C-BB54-C985976B3D07}.Release|x64.Build.0 = Release|Any CPU
		{499AB9BD-FFE7-414C-BB54-C985976B3D07}.Release|x86.ActiveCfg = Release|Any CPU
		{499AB9BD-FFE7-414C-BB54-C985976B3D07}.Release|x86.Build.0 = Release|Any CPU
		{F8FFD86A-40D2-45C4-8AA6-19318B8FA2D0}.Debug|Any CPU.ActiveCfg = Debug|Any CPU
		{F8FFD86A-40D2-45C4-8AA6-19318B8FA2D0}.Debug|Any CPU.Build.0 = Debug|Any CPU
		{F8FFD86A-40D2-45C4-8AA6-19318B8FA2D0}.Debug|x64.ActiveCfg = Debug|Any CPU
		{F8FFD86A-40D2-45C4-8AA6-19318B8FA2D0}.Debug|x64.Build.0 = Debug|Any CPU
		{F8FFD86A-40D2-45C4-8AA6-19318B8FA2D0}.Debug|x86.ActiveCfg = Debug|Any CPU
		{F8FFD86A-40D2-45C4-8AA6-19318B8FA2D0}.Debug|x86.Build.0 = Debug|Any CPU
		{F8FFD86A-40D2-45C4-8AA6-19318B8FA2D0}.Release|Any CPU.ActiveCfg = Release|Any CPU
		{F8FFD86A-40D2-45C4-8AA6-19318B8FA2D0}.Release|Any CPU.Build.0 = Release|Any CPU
		{F8FFD86A-40D2-45C4-8AA6-19318B8FA2D0}.Release|x64.ActiveCfg = Release|Any CPU
		{F8FFD86A-40D2-45C4-8AA6-19318B8FA2D0}.Release|x64.Build.0 = Release|Any CPU
		{F8FFD86A-40D2-45C4-8AA6-19318B8FA2D0}.Release|x86.ActiveCfg = Release|Any CPU
		{F8FFD86A-40D2-45C4-8AA6-19318B8FA2D0}.Release|x86.Build.0 = Release|Any CPU
	EndGlobalSection
	GlobalSection(SolutionProperties) = preSolution
		HideSolutionNode = FALSE
	EndGlobalSection
	GlobalSection(ExtensibilityGlobals) = postSolution
		SolutionGuid = {82EA8CC2-E47A-4B5A-9BFE-7DF6E3035D0A}
	EndGlobalSection
EndGlobal
